// !$*UTF8*$!
{
	archiveVersion = 1;
	classes = {
	};
	objectVersion = 50;
	objects = {

/* Begin PBXBuildFile section */
		FF1CC2A1269E26D500444B1A /* uxn.c in Sources */ = {isa = PBXBuildFile; fileRef = FF1CC2A0269E26D500444B1A /* uxn.c */; };
		FF4C072F269E237A0040F453 /* AppDelegate.swift in Sources */ = {isa = PBXBuildFile; fileRef = FF4C072E269E237A0040F453 /* AppDelegate.swift */; };
		FF4C0731269E237A0040F453 /* SceneDelegate.swift in Sources */ = {isa = PBXBuildFile; fileRef = FF4C0730269E237A0040F453 /* SceneDelegate.swift */; };
		FF4C0733269E237A0040F453 /* ViewController.swift in Sources */ = {isa = PBXBuildFile; fileRef = FF4C0732269E237A0040F453 /* ViewController.swift */; };
		FF4C0736269E237A0040F453 /* Main.storyboard in Resources */ = {isa = PBXBuildFile; fileRef = FF4C0734269E237A0040F453 /* Main.storyboard */; };
		FF4C0738269E23800040F453 /* Assets.xcassets in Resources */ = {isa = PBXBuildFile; fileRef = FF4C0737269E23800040F453 /* Assets.xcassets */; };
		FF4C073B269E23800040F453 /* LaunchScreen.storyboard in Resources */ = {isa = PBXBuildFile; fileRef = FF4C0739269E23800040F453 /* LaunchScreen.storyboard */; };
		FF4C0746269E23800040F453 /* UxniOSTests.swift in Sources */ = {isa = PBXBuildFile; fileRef = FF4C0745269E23800040F453 /* UxniOSTests.swift */; };
		FF4C0751269E23800040F453 /* UxniOSUITests.swift in Sources */ = {isa = PBXBuildFile; fileRef = FF4C0750269E23800040F453 /* UxniOSUITests.swift */; };
/* End PBXBuildFile section */

/* Begin PBXContainerItemProxy section */
		FF4C0742269E23800040F453 /* PBXContainerItemProxy */ = {
			isa = PBXContainerItemProxy;
			containerPortal = FF4C0723269E237A0040F453 /* Project object */;
			proxyType = 1;
			remoteGlobalIDString = FF4C072A269E237A0040F453;
			remoteInfo = UxniOS;
		};
		FF4C074D269E23800040F453 /* PBXContainerItemProxy */ = {
			isa = PBXContainerItemProxy;
			containerPortal = FF4C0723269E237A0040F453 /* Project object */;
			proxyType = 1;
			remoteGlobalIDString = FF4C072A269E237A0040F453;
			remoteInfo = UxniOS;
		};
/* End PBXContainerItemProxy section */

/* Begin PBXFileReference section */
		FF1CC29E269E26D400444B1A /* UxniOS-Bridging-Header.h */ = {isa = PBXFileReference; lastKnownFileType = sourcecode.c.h; path = "UxniOS-Bridging-Header.h"; sourceTree = "<group>"; };
		FF1CC29F269E26D500444B1A /* uxn.h */ = {isa = PBXFileReference; fileEncoding = 4; lastKnownFileType = sourcecode.c.h; name = uxn.h; path = uxn/src/uxn.h; sourceTree = SOURCE_ROOT; };
		FF1CC2A0269E26D500444B1A /* uxn.c */ = {isa = PBXFileReference; fileEncoding = 4; lastKnownFileType = sourcecode.c.c; name = uxn.c; path = uxn/src/uxn.c; sourceTree = SOURCE_ROOT; };
		FF4C072B269E237A0040F453 /* UxniOS.app */ = {isa = PBXFileReference; explicitFileType = wrapper.application; includeInIndex = 0; path = UxniOS.app; sourceTree = BUILT_PRODUCTS_DIR; };
		FF4C072E269E237A0040F453 /* AppDelegate.swift */ = {isa = PBXFileReference; lastKnownFileType = sourcecode.swift; path = AppDelegate.swift; sourceTree = "<group>"; };
		FF4C0730269E237A0040F453 /* SceneDelegate.swift */ = {isa = PBXFileReference; lastKnownFileType = sourcecode.swift; path = SceneDelegate.swift; sourceTree = "<group>"; };
		FF4C0732269E237A0040F453 /* ViewController.swift */ = {isa = PBXFileReference; lastKnownFileType = sourcecode.swift; path = ViewController.swift; sourceTree = "<group>"; };
		FF4C0735269E237A0040F453 /* Base */ = {isa = PBXFileReference; lastKnownFileType = file.storyboard; name = Base; path = Base.lproj/Main.storyboard; sourceTree = "<group>"; };
		FF4C0737269E23800040F453 /* Assets.xcassets */ = {isa = PBXFileReference; lastKnownFileType = folder.assetcatalog; path = Assets.xcassets; sourceTree = "<group>"; };
		FF4C073A269E23800040F453 /* Base */ = {isa = PBXFileReference; lastKnownFileType = file.storyboard; name = Base; path = Base.lproj/LaunchScreen.storyboard; sourceTree = "<group>"; };
		FF4C073C269E23800040F453 /* Info.plist */ = {isa = PBXFileReference; lastKnownFileType = text.plist.xml; path = Info.plist; sourceTree = "<group>"; };
		FF4C0741269E23800040F453 /* UxniOSTests.xctest */ = {isa = PBXFileReference; explicitFileType = wrapper.cfbundle; includeInIndex = 0; path = UxniOSTests.xctest; sourceTree = BUILT_PRODUCTS_DIR; };
		FF4C0745269E23800040F453 /* UxniOSTests.swift */ = {isa = PBXFileReference; lastKnownFileType = sourcecode.swift; path = UxniOSTests.swift; sourceTree = "<group>"; };
		FF4C0747269E23800040F453 /* Info.plist */ = {isa = PBXFileReference; lastKnownFileType = text.plist.xml; path = Info.plist; sourceTree = "<group>"; };
		FF4C074C269E23800040F453 /* UxniOSUITests.xctest */ = {isa = PBXFileReference; explicitFileType = wrapper.cfbundle; includeInIndex = 0; path = UxniOSUITests.xctest; sourceTree = BUILT_PRODUCTS_DIR; };
		FF4C0750269E23800040F453 /* UxniOSUITests.swift */ = {isa = PBXFileReference; lastKnownFileType = sourcecode.swift; path = UxniOSUITests.swift; sourceTree = "<group>"; };
		FF4C0752269E23800040F453 /* Info.plist */ = {isa = PBXFileReference; lastKnownFileType = text.plist.xml; path = Info.plist; sourceTree = "<group>"; };
/* End PBXFileReference section */

/* Begin PBXFrameworksBuildPhase section */
		FF4C0728269E237A0040F453 /* Frameworks */ = {
			isa = PBXFrameworksBuildPhase;
			buildActionMask = 2147483647;
			files = (
			);
			runOnlyForDeploymentPostprocessing = 0;
		};
		FF4C073E269E23800040F453 /* Frameworks */ = {
			isa = PBXFrameworksBuildPhase;
			buildActionMask = 2147483647;
			files = (
			);
			runOnlyForDeploymentPostprocessing = 0;
		};
		FF4C0749269E23800040F453 /* Frameworks */ = {
			isa = PBXFrameworksBuildPhase;
			buildActionMask = 2147483647;
			files = (
			);
			runOnlyForDeploymentPostprocessing = 0;
		};
/* End PBXFrameworksBuildPhase section */

/* Begin PBXGroup section */
		FF1CC29D269E26C200444B1A /* Uxn */ = {
			isa = PBXGroup;
			children = (
				FF1CC2A0269E26D500444B1A /* uxn.c */,
				FF1CC29F269E26D500444B1A /* uxn.h */,
				FF1CC29E269E26D400444B1A /* UxniOS-Bridging-Header.h */,
			);
			path = Uxn;
			sourceTree = "<group>";
		};
		FF4C0722269E237A0040F453 = {
			isa = PBXGroup;
			children = (
				FF4C072D269E237A0040F453 /* UxniOS */,
				FF4C0744269E23800040F453 /* UxniOSTests */,
				FF4C074F269E23800040F453 /* UxniOSUITests */,
				FF4C072C269E237A0040F453 /* Products */,
			);
			sourceTree = "<group>";
		};
		FF4C072C269E237A0040F453 /* Products */ = {
			isa = PBXGroup;
			children = (
				FF4C072B269E237A0040F453 /* UxniOS.app */,
				FF4C0741269E23800040F453 /* UxniOSTests.xctest */,
				FF4C074C269E23800040F453 /* UxniOSUITests.xctest */,
			);
			name = Products;
			sourceTree = "<group>";
		};
		FF4C072D269E237A0040F453 /* UxniOS */ = {
			isa = PBXGroup;
			children = (
				FF1CC29D269E26C200444B1A /* Uxn */,
				FF4C0732269E237A0040F453 /* ViewController.swift */,
				FF4C0730269E237A0040F453 /* SceneDelegate.swift */,
				FF4C072E269E237A0040F453 /* AppDelegate.swift */,
				FF4C0734269E237A0040F453 /* Main.storyboard */,
				FF4C0737269E23800040F453 /* Assets.xcassets */,
				FF4C0739269E23800040F453 /* LaunchScreen.storyboard */,
				FF4C073C269E23800040F453 /* Info.plist */,
			);
			path = UxniOS;
			sourceTree = "<group>";
		};
		FF4C0744269E23800040F453 /* UxniOSTests */ = {
			isa = PBXGroup;
			children = (
				FF4C0745269E23800040F453 /* UxniOSTests.swift */,
				FF4C0747269E23800040F453 /* Info.plist */,
			);
			path = UxniOSTests;
			sourceTree = "<group>";
		};
		FF4C074F269E23800040F453 /* UxniOSUITests */ = {
			isa = PBXGroup;
			children = (
				FF4C0750269E23800040F453 /* UxniOSUITests.swift */,
				FF4C0752269E23800040F453 /* Info.plist */,
			);
			path = UxniOSUITests;
			sourceTree = "<group>";
		};
/* End PBXGroup section */

/* Begin PBXNativeTarget section */
		FF4C072A269E237A0040F453 /* UxniOS */ = {
			isa = PBXNativeTarget;
			buildConfigurationList = FF4C0755269E23800040F453 /* Build configuration list for PBXNativeTarget "UxniOS" */;
			buildPhases = (
				FF4C0727269E237A0040F453 /* Sources */,
				FF4C0728269E237A0040F453 /* Frameworks */,
				FF4C0729269E237A0040F453 /* Resources */,
			);
			buildRules = (
			);
			dependencies = (
			);
			name = UxniOS;
			productName = UxniOS;
			productReference = FF4C072B269E237A0040F453 /* UxniOS.app */;
			productType = "com.apple.product-type.application";
		};
		FF4C0740269E23800040F453 /* UxniOSTests */ = {
			isa = PBXNativeTarget;
			buildConfigurationList = FF4C0758269E23800040F453 /* Build configuration list for PBXNativeTarget "UxniOSTests" */;
			buildPhases = (
				FF4C073D269E23800040F453 /* Sources */,
				FF4C073E269E23800040F453 /* Frameworks */,
				FF4C073F269E23800040F453 /* Resources */,
			);
			buildRules = (
			);
			dependencies = (
				FF4C0743269E23800040F453 /* PBXTargetDependency */,
			);
			name = UxniOSTests;
			productName = UxniOSTests;
			productReference = FF4C0741269E23800040F453 /* UxniOSTests.xctest */;
			productType = "com.apple.product-type.bundle.unit-test";
		};
		FF4C074B269E23800040F453 /* UxniOSUITests */ = {
			isa = PBXNativeTarget;
			buildConfigurationList = FF4C075B269E23800040F453 /* Build configuration list for PBXNativeTarget "UxniOSUITests" */;
			buildPhases = (
				FF4C0748269E23800040F453 /* Sources */,
				FF4C0749269E23800040F453 /* Frameworks */,
				FF4C074A269E23800040F453 /* Resources */,
			);
			buildRules = (
			);
			dependencies = (
				FF4C074E269E23800040F453 /* PBXTargetDependency */,
			);
			name = UxniOSUITests;
			productName = UxniOSUITests;
			productReference = FF4C074C269E23800040F453 /* UxniOSUITests.xctest */;
			productType = "com.apple.product-type.bundle.ui-testing";
		};
/* End PBXNativeTarget section */

/* Begin PBXProject section */
		FF4C0723269E237A0040F453 /* Project object */ = {
			isa = PBXProject;
			attributes = {
				LastSwiftUpdateCheck = 1250;
				LastUpgradeCheck = 1250;
				TargetAttributes = {
					FF4C072A269E237A0040F453 = {
						CreatedOnToolsVersion = 12.5.1;
						LastSwiftMigration = 1250;
					};
					FF4C0740269E23800040F453 = {
						CreatedOnToolsVersion = 12.5.1;
						TestTargetID = FF4C072A269E237A0040F453;
					};
					FF4C074B269E23800040F453 = {
						CreatedOnToolsVersion = 12.5.1;
						TestTargetID = FF4C072A269E237A0040F453;
					};
				};
			};
			buildConfigurationList = FF4C0726269E237A0040F453 /* Build configuration list for PBXProject "UxniOS" */;
			compatibilityVersion = "Xcode 9.3";
			developmentRegion = en;
			hasScannedForEncodings = 0;
			knownRegions = (
				en,
				Base,
			);
			mainGroup = FF4C0722269E237A0040F453;
			productRefGroup = FF4C072C269E237A0040F453 /* Products */;
			projectDirPath = "";
			projectRoot = "";
			targets = (
				FF4C072A269E237A0040F453 /* UxniOS */,
				FF4C0740269E23800040F453 /* UxniOSTests */,
				FF4C074B269E23800040F453 /* UxniOSUITests */,
			);
		};
/* End PBXProject section */

/* Begin PBXResourcesBuildPhase section */
		FF4C0729269E237A0040F453 /* Resources */ = {
			isa = PBXResourcesBuildPhase;
			buildActionMask = 2147483647;
			files = (
				FF4C073B269E23800040F453 /* LaunchScreen.storyboard in Resources */,
				FF4C0738269E23800040F453 /* Assets.xcassets in Resources */,
				FF4C0736269E237A0040F453 /* Main.storyboard in Resources */,
			);
			runOnlyForDeploymentPostprocessing = 0;
		};
		FF4C073F269E23800040F453 /* Resources */ = {
			isa = PBXResourcesBuildPhase;
			buildActionMask = 2147483647;
			files = (
			);
			runOnlyForDeploymentPostprocessing = 0;
		};
		FF4C074A269E23800040F453 /* Resources */ = {
			isa = PBXResourcesBuildPhase;
			buildActionMask = 2147483647;
			files = (
			);
			runOnlyForDeploymentPostprocessing = 0;
		};
/* End PBXResourcesBuildPhase section */

/* Begin PBXSourcesBuildPhase section */
		FF4C0727269E237A0040F453 /* Sources */ = {
			isa = PBXSourcesBuildPhase;
			buildActionMask = 2147483647;
			files = (
				FF4C0733269E237A0040F453 /* ViewController.swift in Sources */,
				FF1CC2A1269E26D500444B1A /* uxn.c in Sources */,
				FF4C072F269E237A0040F453 /* AppDelegate.swift in Sources */,
				FF4C0731269E237A0040F453 /* SceneDelegate.swift in Sources */,
			);
			runOnlyForDeploymentPostprocessing = 0;
		};
		FF4C073D269E23800040F453 /* Sources */ = {
			isa = PBXSourcesBuildPhase;
			buildActionMask = 2147483647;
			files = (
				FF4C0746269E23800040F453 /* UxniOSTests.swift in Sources */,
			);
			runOnlyForDeploymentPostprocessing = 0;
		};
		FF4C0748269E23800040F453 /* Sources */ = {
			isa = PBXSourcesBuildPhase;
			buildActionMask = 2147483647;
			files = (
				FF4C0751269E23800040F453 /* UxniOSUITests.swift in Sources */,
			);
			runOnlyForDeploymentPostprocessing = 0;
		};
/* End PBXSourcesBuildPhase section */

/* Begin PBXTargetDependency section */
		FF4C0743269E23800040F453 /* PBXTargetDependency */ = {
			isa = PBXTargetDependency;
			target = FF4C072A269E237A0040F453 /* UxniOS */;
			targetProxy = FF4C0742269E23800040F453 /* PBXContainerItemProxy */;
		};
		FF4C074E269E23800040F453 /* PBXTargetDependency */ = {
			isa = PBXTargetDependency;
			target = FF4C072A269E237A0040F453 /* UxniOS */;
			targetProxy = FF4C074D269E23800040F453 /* PBXContainerItemProxy */;
		};
/* End PBXTargetDependency section */

/* Begin PBXVariantGroup section */
		FF4C0734269E237A0040F453 /* Main.storyboard */ = {
			isa = PBXVariantGroup;
			children = (
				FF4C0735269E237A0040F453 /* Base */,
			);
			name = Main.storyboard;
			sourceTree = "<group>";
		};
		FF4C0739269E23800040F453 /* LaunchScreen.storyboard */ = {
			isa = PBXVariantGroup;
			children = (
				FF4C073A269E23800040F453 /* Base */,
			);
			name = LaunchScreen.storyboard;
			sourceTree = "<group>";
		};
/* End PBXVariantGroup section */

/* Begin XCBuildConfiguration section */
		FF4C0753269E23800040F453 /* Debug */ = {
			isa = XCBuildConfiguration;
			buildSettings = {
				ALWAYS_SEARCH_USER_PATHS = NO;
				CLANG_ANALYZER_NONNULL = YES;
				CLANG_ANALYZER_NUMBER_OBJECT_CONVERSION = YES_AGGRESSIVE;
				CLANG_CXX_LANGUAGE_STANDARD = "gnu++14";
				CLANG_CXX_LIBRARY = "libc++";
				CLANG_ENABLE_MODULES = YES;
				CLANG_ENABLE_OBJC_ARC = YES;
				CLANG_ENABLE_OBJC_WEAK = YES;
				CLANG_WARN_BLOCK_CAPTURE_AUTORELEASING = YES;
				CLANG_WARN_BOOL_CONVERSION = YES;
				CLANG_WARN_COMMA = YES;
				CLANG_WARN_CONSTANT_CONVERSION = YES;
				CLANG_WARN_DEPRECATED_OBJC_IMPLEMENTATIONS = YES;
				CLANG_WARN_DIRECT_OBJC_ISA_USAGE = YES_ERROR;
				CLANG_WARN_DOCUMENTATION_COMMENTS = YES;
				CLANG_WARN_EMPTY_BODY = YES;
				CLANG_WARN_ENUM_CONVERSION = YES;
				CLANG_WARN_INFINITE_RECURSION = YES;
				CLANG_WARN_INT_CONVERSION = YES;
				CLANG_WARN_NON_LITERAL_NULL_CONVERSION = YES;
				CLANG_WARN_OBJC_IMPLICIT_RETAIN_SELF = YES;
				CLANG_WARN_OBJC_LITERAL_CONVERSION = YES;
				CLANG_WARN_OBJC_ROOT_CLASS = YES_ERROR;
				CLANG_WARN_QUOTED_INCLUDE_IN_FRAMEWORK_HEADER = YES;
				CLANG_WARN_RANGE_LOOP_ANALYSIS = YES;
				CLANG_WARN_STRICT_PROTOTYPES = YES;
				CLANG_WARN_SUSPICIOUS_MOVE = YES;
				CLANG_WARN_UNGUARDED_AVAILABILITY = YES_AGGRESSIVE;
				CLANG_WARN_UNREACHABLE_CODE = YES;
				CLANG_WARN__DUPLICATE_METHOD_MATCH = YES;
				COPY_PHASE_STRIP = NO;
				DEBUG_INFORMATION_FORMAT = dwarf;
				ENABLE_STRICT_OBJC_MSGSEND = YES;
				ENABLE_TESTABILITY = YES;
				GCC_C_LANGUAGE_STANDARD = gnu11;
				GCC_DYNAMIC_NO_PIC = NO;
				GCC_NO_COMMON_BLOCKS = YES;
				GCC_OPTIMIZATION_LEVEL = 0;
				GCC_PREPROCESSOR_DEFINITIONS = (
					"DEBUG=1",
					"$(inherited)",
				);
				GCC_WARN_64_TO_32_BIT_CONVERSION = YES;
				GCC_WARN_ABOUT_RETURN_TYPE = YES_ERROR;
				GCC_WARN_UNDECLARED_SELECTOR = YES;
				GCC_WARN_UNINITIALIZED_AUTOS = YES_AGGRESSIVE;
				GCC_WARN_UNUSED_FUNCTION = YES;
				GCC_WARN_UNUSED_VARIABLE = YES;
				IPHONEOS_DEPLOYMENT_TARGET = 14.5;
				MTL_ENABLE_DEBUG_INFO = INCLUDE_SOURCE;
				MTL_FAST_MATH = YES;
				ONLY_ACTIVE_ARCH = YES;
				SDKROOT = iphoneos;
				SWIFT_ACTIVE_COMPILATION_CONDITIONS = DEBUG;
				SWIFT_OPTIMIZATION_LEVEL = "-Onone";
			};
			name = Debug;
		};
		FF4C0754269E23800040F453 /* Release */ = {
			isa = XCBuildConfiguration;
			buildSettings = {
				ALWAYS_SEARCH_USER_PATHS = NO;
				CLANG_ANALYZER_NONNULL = YES;
				CLANG_ANALYZER_NUMBER_OBJECT_CONVERSION = YES_AGGRESSIVE;
				CLANG_CXX_LANGUAGE_STANDARD = "gnu++14";
				CLANG_CXX_LIBRARY = "libc++";
				CLANG_ENABLE_MODULES = YES;
				CLANG_ENABLE_OBJC_ARC = YES;
				CLANG_ENABLE_OBJC_WEAK = YES;
				CLANG_WARN_BLOCK_CAPTURE_AUTORELEASING = YES;
				CLANG_WARN_BOOL_CONVERSION = YES;
				CLANG_WARN_COMMA = YES;
				CLANG_WARN_CONSTANT_CONVERSION = YES;
				CLANG_WARN_DEPRECATED_OBJC_IMPLEMENTATIONS = YES;
				CLANG_WARN_DIRECT_OBJC_ISA_USAGE = YES_ERROR;
				CLANG_WARN_DOCUMENTATION_COMMENTS = YES;
				CLANG_WARN_EMPTY_BODY = YES;
				CLANG_WARN_ENUM_CONVERSION = YES;
				CLANG_WARN_INFINITE_RECURSION = YES;
				CLANG_WARN_INT_CONVERSION = YES;
				CLANG_WARN_NON_LITERAL_NULL_CONVERSION = YES;
				CLANG_WARN_OBJC_IMPLICIT_RETAIN_SELF = YES;
				CLANG_WARN_OBJC_LITERAL_CONVERSION = YES;
				CLANG_WARN_OBJC_ROOT_CLASS = YES_ERROR;
				CLANG_WARN_QUOTED_INCLUDE_IN_FRAMEWORK_HEADER = YES;
				CLANG_WARN_RANGE_LOOP_ANALYSIS = YES;
				CLANG_WARN_STRICT_PROTOTYPES = YES;
				CLANG_WARN_SUSPICIOUS_MOVE = YES;
				CLANG_WARN_UNGUARDED_AVAILABILITY = YES_AGGRESSIVE;
				CLANG_WARN_UNREACHABLE_CODE = YES;
				CLANG_WARN__DUPLICATE_METHOD_MATCH = YES;
				COPY_PHASE_STRIP = NO;
				DEBUG_INFORMATION_FORMAT = "dwarf-with-dsym";
				ENABLE_NS_ASSERTIONS = NO;
				ENABLE_STRICT_OBJC_MSGSEND = YES;
				GCC_C_LANGUAGE_STANDARD = gnu11;
				GCC_NO_COMMON_BLOCKS = YES;
				GCC_WARN_64_TO_32_BIT_CONVERSION = YES;
				GCC_WARN_ABOUT_RETURN_TYPE = YES_ERROR;
				GCC_WARN_UNDECLARED_SELECTOR = YES;
				GCC_WARN_UNINITIALIZED_AUTOS = YES_AGGRESSIVE;
				GCC_WARN_UNUSED_FUNCTION = YES;
				GCC_WARN_UNUSED_VARIABLE = YES;
				IPHONEOS_DEPLOYMENT_TARGET = 14.5;
				MTL_ENABLE_DEBUG_INFO = NO;
				MTL_FAST_MATH = YES;
				SDKROOT = iphoneos;
				SWIFT_COMPILATION_MODE = wholemodule;
				SWIFT_OPTIMIZATION_LEVEL = "-O";
				VALIDATE_PRODUCT = YES;
			};
			name = Release;
		};
		FF4C0756269E23800040F453 /* Debug */ = {
			isa = XCBuildConfiguration;
			buildSettings = {
				ASSETCATALOG_COMPILER_APPICON_NAME = AppIcon;
				ASSETCATALOG_COMPILER_GLOBAL_ACCENT_COLOR_NAME = AccentColor;
				CLANG_ENABLE_MODULES = YES;
				CODE_SIGN_STYLE = Automatic;
				DEVELOPMENT_TEAM = M5B635R5MU;
				INFOPLIST_FILE = UxniOS/Info.plist;
				LD_RUNPATH_SEARCH_PATHS = (
					"$(inherited)",
					"@executable_path/Frameworks",
				);
				PRODUCT_BUNDLE_IDENTIFIER = co.kylestewart.UxniOS;
				PRODUCT_NAME = "$(TARGET_NAME)";
				SWIFT_OBJC_BRIDGING_HEADER = "UxniOS/Uxn/UxniOS-Bridging-Header.h";
				SWIFT_OPTIMIZATION_LEVEL = "-Onone";
				SWIFT_VERSION = 5.0;
				TARGETED_DEVICE_FAMILY = "1,2";
			};
			name = Debug;
		};
		FF4C0757269E23800040F453 /* Release */ = {
			isa = XCBuildConfiguration;
			buildSettings = {
				ASSETCATALOG_COMPILER_APPICON_NAME = AppIcon;
				ASSETCATALOG_COMPILER_GLOBAL_ACCENT_COLOR_NAME = AccentColor;
				CLANG_ENABLE_MODULES = YES;
				CODE_SIGN_STYLE = Automatic;
				DEVELOPMENT_TEAM = M5B635R5MU;
				INFOPLIST_FILE = UxniOS/Info.plist;
				LD_RUNPATH_SEARCH_PATHS = (
					"$(inherited)",
					"@executable_path/Frameworks",
				);
				PRODUCT_BUNDLE_IDENTIFIER = co.kylestewart.UxniOS;
				PRODUCT_NAME = "$(TARGET_NAME)";
				SWIFT_OBJC_BRIDGING_HEADER = "UxniOS/Uxn/UxniOS-Bridging-Header.h";
				SWIFT_VERSION = 5.0;
				TARGETED_DEVICE_FAMILY = "1,2";
			};
			name = Release;
		};
		FF4C0759269E23800040F453 /* Debug */ = {
			isa = XCBuildConfiguration;
			buildSettings = {
				ALWAYS_EMBED_SWIFT_STANDARD_LIBRARIES = YES;
				BUNDLE_LOADER = "$(TEST_HOST)";
				CODE_SIGN_STYLE = Automatic;
				DEVELOPMENT_TEAM = M5B635R5MU;
				INFOPLIST_FILE = UxniOSTests/Info.plist;
				IPHONEOS_DEPLOYMENT_TARGET = 14.5;
				LD_RUNPATH_SEARCH_PATHS = (
					"$(inherited)",
					"@executable_path/Frameworks",
					"@loader_path/Frameworks",
				);
				PRODUCT_BUNDLE_IDENTIFIER = co.kylestewart.UxniOSTests;
				PRODUCT_NAME = "$(TARGET_NAME)";
				SWIFT_VERSION = 5.0;
				TARGETED_DEVICE_FAMILY = "1,2";
				TEST_HOST = "$(BUILT_PRODUCTS_DIR)/UxniOS.app/UxniOS";
			};
			name = Debug;
		};
		FF4C075A269E23800040F453 /* Release */ = {
			isa = XCBuildConfiguration;
			buildSettings = {
				ALWAYS_EMBED_SWIFT_STANDARD_LIBRARIES = YES;
				BUNDLE_LOADER = "$(TEST_HOST)";
				CODE_SIGN_STYLE = Automatic;
				DEVELOPMENT_TEAM = M5B635R5MU;
				INFOPLIST_FILE = UxniOSTests/Info.plist;
				IPHONEOS_DEPLOYMENT_TARGET = 14.5;
				LD_RUNPATH_SEARCH_PATHS = (
					"$(inherited)",
					"@executable_path/Frameworks",
					"@loader_path/Frameworks",
				);
				PRODUCT_BUNDLE_IDENTIFIER = co.kylestewart.UxniOSTests;
				PRODUCT_NAME = "$(TARGET_NAME)";
				SWIFT_VERSION = 5.0;
				TARGETED_DEVICE_FAMILY = "1,2";
				TEST_HOST = "$(BUILT_PRODUCTS_DIR)/UxniOS.app/UxniOS";
			};
			name = Release;
		};
		FF4C075C269E23800040F453 /* Debug */ = {
			isa = XCBuildConfiguration;
			buildSettings = {
				ALWAYS_EMBED_SWIFT_STANDARD_LIBRARIES = YES;
				CODE_SIGN_STYLE = Automatic;
				DEVELOPMENT_TEAM = M5B635R5MU;
				INFOPLIST_FILE = UxniOSUITests/Info.plist;
				LD_RUNPATH_SEARCH_PATHS = (
					"$(inherited)",
					"@executable_path/Frameworks",
					"@loader_path/Frameworks",
				);
				PRODUCT_BUNDLE_IDENTIFIER = co.kylestewart.UxniOSUITests;
				PRODUCT_NAME = "$(TARGET_NAME)";
				SWIFT_VERSION = 5.0;
				TARGETED_DEVICE_FAMILY = "1,2";
				TEST_TARGET_NAME = UxniOS;
			};
			name = Debug;
		};
		FF4C075D269E23800040F453 /* Release */ = {
			isa = XCBuildConfiguration;
			buildSettings = {
				ALWAYS_EMBED_SWIFT_STANDARD_LIBRARIES = YES;
				CODE_SIGN_STYLE = Automatic;
				DEVELOPMENT_TEAM = M5B635R5MU;
				INFOPLIST_FILE = UxniOSUITests/Info.plist;
				LD_RUNPATH_SEARCH_PATHS = (
					"$(inherited)",
					"@executable_path/Frameworks",
					"@loader_path/Frameworks",
				);
				PRODUCT_BUNDLE_IDENTIFIER = co.kylestewart.UxniOSUITests;
				PRODUCT_NAME = "$(TARGET_NAME)";
				SWIFT_VERSION = 5.0;
				TARGETED_DEVICE_FAMILY = "1,2";
				TEST_TARGET_NAME = UxniOS;
			};
			name = Release;
		};
/* End XCBuildConfiguration section */

/* Begin XCConfigurationList section */
		FF4C0726269E237A0040F453 /* Build configuration list for PBXProject "UxniOS" */ = {
			isa = XCConfigurationList;
			buildConfigurations = (
				FF4C0753269E23800040F453 /* Debug */,
				FF4C0754269E23800040F453 /* Release */,
			);
			defaultConfigurationIsVisible = 0;
			defaultConfigurationName = Release;
		};
		FF4C0755269E23800040F453 /* Build configuration list for PBXNativeTarget "UxniOS" */ = {
			isa = XCConfigurationList;
			buildConfigurations = (
				FF4C0756269E23800040F453 /* Debug */,
				FF4C0757269E23800040F453 /* Release */,
			);
			defaultConfigurationIsVisible = 0;
			defaultConfigurationName = Release;
		};
		FF4C0758269E23800040F453 /* Build configuration list for PBXNativeTarget "UxniOSTests" */ = {
			isa = XCConfigurationList;
			buildConfigurations = (
				FF4C0759269E23800040F453 /* Debug */,
				FF4C075A269E23800040F453 /* Release */,
			);
			defaultConfigurationIsVisible = 0;
			defaultConfigurationName = Release;
		};
		FF4C075B269E23800040F453 /* Build configuration list for PBXNativeTarget "UxniOSUITests" */ = {
			isa = XCConfigurationList;
			buildConfigurations = (
				FF4C075C269E23800040F453 /* Debug */,
				FF4C075D269E23800040F453 /* Release */,
			);
			defaultConfigurationIsVisible = 0;
			defaultConfigurationName = Release;
		};
/* End XCConfigurationList section */
	};
	rootObject = FF4C0723269E237A0040F453 /* Project object */;
}
